// !$*UTF8*$!
{
	archiveVersion = 1;
	classes = {
	};
	objectVersion = 56;
	objects = {

/* Begin PBXBuildFile section */
		AB4710AA2982A6D00068D55E /* AppDelegate.swift in Sources */ = {isa = PBXBuildFile; fileRef = AB4710A92982A6D00068D55E /* AppDelegate.swift */; };
		AB4710AC2982A6D00068D55E /* art.scnassets in Resources */ = {isa = PBXBuildFile; fileRef = AB4710AB2982A6D00068D55E /* art.scnassets */; };
		AB4710AE2982A6D00068D55E /* ViewController.swift in Sources */ = {isa = PBXBuildFile; fileRef = AB4710AD2982A6D00068D55E /* ViewController.swift */; };
		AB4710B12982A6D00068D55E /* Main.storyboard in Resources */ = {isa = PBXBuildFile; fileRef = AB4710AF2982A6D00068D55E /* Main.storyboard */; };
		AB4710B32982A6D10068D55E /* Assets.xcassets in Resources */ = {isa = PBXBuildFile; fileRef = AB4710B22982A6D10068D55E /* Assets.xcassets */; };
		AB4710B62982A6D10068D55E /* LaunchScreen.storyboard in Resources */ = {isa = PBXBuildFile; fileRef = AB4710B42982A6D10068D55E /* LaunchScreen.storyboard */; };
		AB4710BD2982A8750068D55E /* RectangleScene.swift in Sources */ = {isa = PBXBuildFile; fileRef = AB4710BC2982A8750068D55E /* RectangleScene.swift */; };
		AB4710BF2982FDB30068D55E /* ViewControllerGestures.swift in Sources */ = {isa = PBXBuildFile; fileRef = AB4710BE2982FDB30068D55E /* ViewControllerGestures.swift */; };
/* End PBXBuildFile section */

/* Begin PBXFileReference section */
		AB4710A62982A6D00068D55E /* FurnitureMeasurment.app */ = {isa = PBXFileReference; explicitFileType = wrapper.application; includeInIndex = 0; path = FurnitureMeasurment.app; sourceTree = BUILT_PRODUCTS_DIR; };
		AB4710A92982A6D00068D55E /* AppDelegate.swift */ = {isa = PBXFileReference; lastKnownFileType = sourcecode.swift; path = AppDelegate.swift; sourceTree = "<group>"; };
		AB4710AB2982A6D00068D55E /* art.scnassets */ = {isa = PBXFileReference; lastKnownFileType = wrapper.scnassets; path = art.scnassets; sourceTree = "<group>"; };
		AB4710AD2982A6D00068D55E /* ViewController.swift */ = {isa = PBXFileReference; lastKnownFileType = sourcecode.swift; path = ViewController.swift; sourceTree = "<group>"; };
		AB4710B02982A6D00068D55E /* Base */ = {isa = PBXFileReference; lastKnownFileType = file.storyboard; name = Base; path = Base.lproj/Main.storyboard; sourceTree = "<group>"; };
		AB4710B22982A6D10068D55E /* Assets.xcassets */ = {isa = PBXFileReference; lastKnownFileType = folder.assetcatalog; path = Assets.xcassets; sourceTree = "<group>"; };
		AB4710B52982A6D10068D55E /* Base */ = {isa = PBXFileReference; lastKnownFileType = file.storyboard; name = Base; path = Base.lproj/LaunchScreen.storyboard; sourceTree = "<group>"; };
		AB4710BC2982A8750068D55E /* RectangleScene.swift */ = {isa = PBXFileReference; lastKnownFileType = sourcecode.swift; path = RectangleScene.swift; sourceTree = "<group>"; };
		AB4710BE2982FDB30068D55E /* ViewControllerGestures.swift */ = {isa = PBXFileReference; lastKnownFileType = sourcecode.swift; path = ViewControllerGestures.swift; sourceTree = "<group>"; };
/* End PBXFileReference section */

/* Begin PBXFrameworksBuildPhase section */
		AB4710A32982A6D00068D55E /* Frameworks */ = {
			isa = PBXFrameworksBuildPhase;
			buildActionMask = 2147483647;
			files = (
			);
			runOnlyForDeploymentPostprocessing = 0;
		};
/* End PBXFrameworksBuildPhase section */

/* Begin PBXGroup section */
		AB47109D2982A6D00068D55E = {
			isa = PBXGroup;
			children = (
				AB4710A82982A6D00068D55E /* FurnitureMeasurment */,
				AB4710A72982A6D00068D55E /* Products */,
			);
			sourceTree = "<group>";
		};
		AB4710A72982A6D00068D55E /* Products */ = {
			isa = PBXGroup;
			children = (
				AB4710A62982A6D00068D55E /* FurnitureMeasurment.app */,
			);
			name = Products;
			sourceTree = "<group>";
		};
		AB4710A82982A6D00068D55E /* FurnitureMeasurment */ = {
			isa = PBXGroup;
			children = (
				AB4710A92982A6D00068D55E /* AppDelegate.swift */,
				AB4710AB2982A6D00068D55E /* art.scnassets */,
				AB4710AD2982A6D00068D55E /* ViewController.swift */,
				AB4710BE2982FDB30068D55E /* ViewControllerGestures.swift */,
				AB4710BC2982A8750068D55E /* RectangleScene.swift */,
				AB4710AF2982A6D00068D55E /* Main.storyboard */,
				AB4710B22982A6D10068D55E /* Assets.xcassets */,
				AB4710B42982A6D10068D55E /* LaunchScreen.storyboard */,
			);
			path = FurnitureMeasurment;
			sourceTree = "<group>";
		};
/* End PBXGroup section */

/* Begin PBXNativeTarget section */
		AB4710A52982A6D00068D55E /* FurnitureMeasurment */ = {
			isa = PBXNativeTarget;
			buildConfigurationList = AB4710B92982A6D10068D55E /* Build configuration list for PBXNativeTarget "FurnitureMeasurment" */;
			buildPhases = (
				AB4710A22982A6D00068D55E /* Sources */,
				AB4710A32982A6D00068D55E /* Frameworks */,
				AB4710A42982A6D00068D55E /* Resources */,
			);
			buildRules = (
			);
			dependencies = (
			);
			name = FurnitureMeasurment;
			productName = FurnitureMeasurment;
			productReference = AB4710A62982A6D00068D55E /* FurnitureMeasurment.app */;
			productType = "com.apple.product-type.application";
		};
/* End PBXNativeTarget section */

/* Begin PBXProject section */
		AB47109E2982A6D00068D55E /* Project object */ = {
			isa = PBXProject;
			attributes = {
				BuildIndependentTargetsInParallel = 1;
				LastSwiftUpdateCheck = 1420;
				LastUpgradeCheck = 1420;
				TargetAttributes = {
					AB4710A52982A6D00068D55E = {
						CreatedOnToolsVersion = 14.2;
					};
				};
			};
			buildConfigurationList = AB4710A12982A6D00068D55E /* Build configuration list for PBXProject "FurnitureMeasurment" */;
			compatibilityVersion = "Xcode 14.0";
			developmentRegion = en;
			hasScannedForEncodings = 0;
			knownRegions = (
				en,
				Base,
			);
			mainGroup = AB47109D2982A6D00068D55E;
			productRefGroup = AB4710A72982A6D00068D55E /* Products */;
			projectDirPath = "";
			projectRoot = "";
			targets = (
				AB4710A52982A6D00068D55E /* FurnitureMeasurment */,
			);
		};
/* End PBXProject section */

/* Begin PBXResourcesBuildPhase section */
		AB4710A42982A6D00068D55E /* Resources */ = {
			isa = PBXResourcesBuildPhase;
			buildActionMask = 2147483647;
			files = (
				AB4710AC2982A6D00068D55E /* art.scnassets in Resources */,
				AB4710B62982A6D10068D55E /* LaunchScreen.storyboard in Resources */,
				AB4710B32982A6D10068D55E /* Assets.xcassets in Resources */,
				AB4710B12982A6D00068D55E /* Main.storyboard in Resources */,
			);
			runOnlyForDeploymentPostprocessing = 0;
		};
/* End PBXResourcesBuildPhase section */

/* Begin PBXSourcesBuildPhase section */
		AB4710A22982A6D00068D55E /* Sources */ = {
			isa = PBXSourcesBuildPhase;
			buildActionMask = 2147483647;
			files = (
				AB4710BF2982FDB30068D55E /* ViewControllerGestures.swift in Sources */,
				AB4710AE2982A6D00068D55E /* ViewController.swift in Sources */,
				AB4710AA2982A6D00068D55E /* AppDelegate.swift in Sources */,
				AB4710BD2982A8750068D55E /* RectangleScene.swift in Sources */,
			);
			runOnlyForDeploymentPostprocessing = 0;
		};
/* End PBXSourcesBuildPhase section */

/* Begin PBXVariantGroup section */
		AB4710AF2982A6D00068D55E /* Main.storyboard */ = {
			isa = PBXVariantGroup;
			children = (
				AB4710B02982A6D00068D55E /* Base */,
			);
			name = Main.storyboard;
			sourceTree = "<group>";
		};
		AB4710B42982A6D10068D55E /* LaunchScreen.storyboard */ = {
			isa = PBXVariantGroup;
			children = (
				AB4710B52982A6D10068D55E /* Base */,
			);
			name = LaunchScreen.storyboard;
			sourceTree = "<group>";
		};
/* End PBXVariantGroup section */

/* Begin XCBuildConfiguration section */
		AB4710B72982A6D10068D55E /* Debug */ = {
			isa = XCBuildConfiguration;
			buildSettings = {
				ALWAYS_SEARCH_USER_PATHS = NO;
				CLANG_ANALYZER_NONNULL = YES;
				CLANG_ANALYZER_NUMBER_OBJECT_CONVERSION = YES_AGGRESSIVE;
				CLANG_CXX_LANGUAGE_STANDARD = "gnu++20";
				CLANG_ENABLE_MODULES = YES;
				CLANG_ENABLE_OBJC_ARC = YES;
				CLANG_ENABLE_OBJC_WEAK = YES;
				CLANG_WARN_BLOCK_CAPTURE_AUTORELEASING = YES;
				CLANG_WARN_BOOL_CONVERSION = YES;
				CLANG_WARN_COMMA = YES;
				CLANG_WARN_CONSTANT_CONVERSION = YES;
				CLANG_WARN_DEPRECATED_OBJC_IMPLEMENTATIONS = YES;
				CLANG_WARN_DIRECT_OBJC_ISA_USAGE = YES_ERROR;
				CLANG_WARN_DOCUMENTATION_COMMENTS = YES;
				CLANG_WARN_EMPTY_BODY = YES;
				CLANG_WARN_ENUM_CONVERSION = YES;
				CLANG_WARN_INFINITE_RECURSION = YES;
				CLANG_WARN_INT_CONVERSION = YES;
				CLANG_WARN_NON_LITERAL_NULL_CONVERSION = YES;
				CLANG_WARN_OBJC_IMPLICIT_RETAIN_SELF = YES;
				CLANG_WARN_OBJC_LITERAL_CONVERSION = YES;
				CLANG_WARN_OBJC_ROOT_CLASS = YES_ERROR;
				CLANG_WARN_QUOTED_INCLUDE_IN_FRAMEWORK_HEADER = YES;
				CLANG_WARN_RANGE_LOOP_ANALYSIS = YES;
				CLANG_WARN_STRICT_PROTOTYPES = YES;
				CLANG_WARN_SUSPICIOUS_MOVE = YES;
				CLANG_WARN_UNGUARDED_AVAILABILITY = YES_AGGRESSIVE;
				CLANG_WARN_UNREACHABLE_CODE = YES;
				CLANG_WARN__DUPLICATE_METHOD_MATCH = YES;
				COPY_PHASE_STRIP = NO;
				DEBUG_INFORMATION_FORMAT = dwarf;
				ENABLE_STRICT_OBJC_MSGSEND = YES;
				ENABLE_TESTABILITY = YES;
				GCC_C_LANGUAGE_STANDARD = gnu11;
				GCC_DYNAMIC_NO_PIC = NO;
				GCC_NO_COMMON_BLOCKS = YES;
				GCC_OPTIMIZATION_LEVEL = 0;
				GCC_PREPROCESSOR_DEFINITIONS = (
					"DEBUG=1",
					"$(inherited)",
				);
				GCC_WARN_64_TO_32_BIT_CONVERSION = YES;
				GCC_WARN_ABOUT_RETURN_TYPE = YES_ERROR;
				GCC_WARN_UNDECLARED_SELECTOR = YES;
				GCC_WARN_UNINITIALIZED_AUTOS = YES_AGGRESSIVE;
				GCC_WARN_UNUSED_FUNCTION = YES;
				GCC_WARN_UNUSED_VARIABLE = YES;
				IPHONEOS_DEPLOYMENT_TARGET = 16.2;
				MTL_ENABLE_DEBUG_INFO = INCLUDE_SOURCE;
				MTL_FAST_MATH = YES;
				ONLY_ACTIVE_ARCH = YES;
				SDKROOT = iphoneos;
				SWIFT_ACTIVE_COMPILATION_CONDITIONS = DEBUG;
				SWIFT_OPTIMIZATION_LEVEL = "-Onone";
			};
			name = Debug;
		};
		AB4710B82982A6D10068D55E /* Release */ = {
			isa = XCBuildConfiguration;
			buildSettings = {
				ALWAYS_SEARCH_USER_PATHS = NO;
				CLANG_ANALYZER_NONNULL = YES;
				CLANG_ANALYZER_NUMBER_OBJECT_CONVERSION = YES_AGGRESSIVE;
				CLANG_CXX_LANGUAGE_STANDARD = "gnu++20";
				CLANG_ENABLE_MODULES = YES;
				CLANG_ENABLE_OBJC_ARC = YES;
				CLANG_ENABLE_OBJC_WEAK = YES;
				CLANG_WARN_BLOCK_CAPTURE_AUTORELEASING = YES;
				CLANG_WARN_BOOL_CONVERSION = YES;
				CLANG_WARN_COMMA = YES;
				CLANG_WARN_CONSTANT_CONVERSION = YES;
				CLANG_WARN_DEPRECATED_OBJC_IMPLEMENTATIONS = YES;
				CLANG_WARN_DIRECT_OBJC_ISA_USAGE = YES_ERROR;
				CLANG_WARN_DOCUMENTATION_COMMENTS = YES;
				CLANG_WARN_EMPTY_BODY = YES;
				CLANG_WARN_ENUM_CONVERSION = YES;
				CLANG_WARN_INFINITE_RECURSION = YES;
				CLANG_WARN_INT_CONVERSION = YES;
				CLANG_WARN_NON_LITERAL_NULL_CONVERSION = YES;
				CLANG_WARN_OBJC_IMPLICIT_RETAIN_SELF = YES;
				CLANG_WARN_OBJC_LITERAL_CONVERSION = YES;
				CLANG_WARN_OBJC_ROOT_CLASS = YES_ERROR;
				CLANG_WARN_QUOTED_INCLUDE_IN_FRAMEWORK_HEADER = YES;
				CLANG_WARN_RANGE_LOOP_ANALYSIS = YES;
				CLANG_WARN_STRICT_PROTOTYPES = YES;
				CLANG_WARN_SUSPICIOUS_MOVE = YES;
				CLANG_WARN_UNGUARDED_AVAILABILITY = YES_AGGRESSIVE;
				CLANG_WARN_UNREACHABLE_CODE = YES;
				CLANG_WARN__DUPLICATE_METHOD_MATCH = YES;
				COPY_PHASE_STRIP = NO;
				DEBUG_INFORMATION_FORMAT = "dwarf-with-dsym";
				ENABLE_NS_ASSERTIONS = NO;
				ENABLE_STRICT_OBJC_MSGSEND = YES;
				GCC_C_LANGUAGE_STANDARD = gnu11;
				GCC_NO_COMMON_BLOCKS = YES;
				GCC_WARN_64_TO_32_BIT_CONVERSION = YES;
				GCC_WARN_ABOUT_RETURN_TYPE = YES_ERROR;
				GCC_WARN_UNDECLARED_SELECTOR = YES;
				GCC_WARN_UNINITIALIZED_AUTOS = YES_AGGRESSIVE;
				GCC_WARN_UNUSED_FUNCTION = YES;
				GCC_WARN_UNUSED_VARIABLE = YES;
				IPHONEOS_DEPLOYMENT_TARGET = 16.2;
				MTL_ENABLE_DEBUG_INFO = NO;
				MTL_FAST_MATH = YES;
				SDKROOT = iphoneos;
				SWIFT_COMPILATION_MODE = wholemodule;
				SWIFT_OPTIMIZATION_LEVEL = "-O";
				VALIDATE_PRODUCT = YES;
			};
			name = Release;
		};
		AB4710BA2982A6D10068D55E /* Debug */ = {
			isa = XCBuildConfiguration;
			buildSettings = {
				ASSETCATALOG_COMPILER_APPICON_NAME = AppIcon;
				ASSETCATALOG_COMPILER_GLOBAL_ACCENT_COLOR_NAME = AccentColor;
				CODE_SIGN_STYLE = Automatic;
				CURRENT_PROJECT_VERSION = 1;
				DEVELOPMENT_TEAM = 3Q8FDFK3WX;
				GENERATE_INFOPLIST_FILE = YES;
				INFOPLIST_KEY_NSCameraUsageDescription = "";
				INFOPLIST_KEY_UIApplicationSupportsIndirectInputEvents = YES;
				INFOPLIST_KEY_UILaunchStoryboardName = LaunchScreen;
				INFOPLIST_KEY_UIMainStoryboardFile = Main;
				INFOPLIST_KEY_UIRequiredDeviceCapabilities = arkit;
				INFOPLIST_KEY_UIStatusBarHidden = YES;
				INFOPLIST_KEY_UISupportedInterfaceOrientations_iPad = "UIInterfaceOrientationPortrait UIInterfaceOrientationPortraitUpsideDown UIInterfaceOrientationLandscapeLeft UIInterfaceOrientationLandscapeRight";
				INFOPLIST_KEY_UISupportedInterfaceOrientations_iPhone = "UIInterfaceOrientationPortrait UIInterfaceOrientationLandscapeLeft UIInterfaceOrientationLandscapeRight";
				LD_RUNPATH_SEARCH_PATHS = (
					"$(inherited)",
					"@executable_path/Frameworks",
				);
				MARKETING_VERSION = 1.0;
				PRODUCT_BUNDLE_IDENTIFIER = com.salah.FurnitureMeasurment;
				PRODUCT_NAME = "$(TARGET_NAME)";
				SWIFT_EMIT_LOC_STRINGS = YES;
				SWIFT_VERSION = 5.0;
				TARGETED_DEVICE_FAMILY = "1,2";
			};
			name = Debug;
		};
		AB4710BB2982A6D10068D55E /* Release */ = {
			isa = XCBuildConfiguration;
			buildSettings = {
				ASSETCATALOG_COMPILER_APPICON_NAME = AppIcon;
				ASSETCATALOG_COMPILER_GLOBAL_ACCENT_COLOR_NAME = AccentColor;
				CODE_SIGN_STYLE = Automatic;
				CURRENT_PROJECT_VERSION = 1;
				DEVELOPMENT_TEAM = 3Q8FDFK3WX;
				GENERATE_INFOPLIST_FILE = YES;
				INFOPLIST_KEY_NSCameraUsageDescription = "";
				INFOPLIST_KEY_UIApplicationSupportsIndirectInputEvents = YES;
				INFOPLIST_KEY_UILaunchStoryboardName = LaunchScreen;
				INFOPLIST_KEY_UIMainStoryboardFile = Main;
				INFOPLIST_KEY_UIRequiredDeviceCapabilities = arkit;
				INFOPLIST_KEY_UIStatusBarHidden = YES;
				INFOPLIST_KEY_UISupportedInterfaceOrientations_iPad = "UIInterfaceOrientationPortrait UIInterfaceOrientationPortraitUpsideDown UIInterfaceOrientationLandscapeLeft UIInterfaceOrientationLandscapeRight";
				INFOPLIST_KEY_UISupportedInterfaceOrientations_iPhone = "UIInterfaceOrientationPortrait UIInterfaceOrientationLandscapeLeft UIInterfaceOrientationLandscapeRight";
				LD_RUNPATH_SEARCH_PATHS = (
					"$(inherited)",
					"@executable_path/Frameworks",
				);
				MARKETING_VERSION = 1.0;
				PRODUCT_BUNDLE_IDENTIFIER = com.salah.FurnitureMeasurment;
				PRODUCT_NAME = "$(TARGET_NAME)";
				SWIFT_EMIT_LOC_STRINGS = YES;
				SWIFT_VERSION = 5.0;
				TARGETED_DEVICE_FAMILY = "1,2";
			};
			name = Release;
		};
/* End XCBuildConfiguration section */

/* Begin XCConfigurationList section */
		AB4710A12982A6D00068D55E /* Build configuration list for PBXProject "FurnitureMeasurment" */ = {
			isa = XCConfigurationList;
			buildConfigurations = (
				AB4710B72982A6D10068D55E /* Debug */,
				AB4710B82982A6D10068D55E /* Release */,
			);
			defaultConfigurationIsVisible = 0;
			defaultConfigurationName = Release;
		};
		AB4710B92982A6D10068D55E /* Build configuration list for PBXNativeTarget "FurnitureMeasurment" */ = {
			isa = XCConfigurationList;
			buildConfigurations = (
				AB4710BA2982A6D10068D55E /* Debug */,
				AB4710BB2982A6D10068D55E /* Release */,
			);
			defaultConfigurationIsVisible = 0;
			defaultConfigurationName = Release;
		};
/* End XCConfigurationList section */
	};
	rootObject = AB47109E2982A6D00068D55E /* Project object */;
}
